
Microsoft Visual Studio Solution File, Format Version 11.00
# Visual Studio 2010
Project("{FAE04EC0-301F-11D3-BF4B-00C04F79EFBC}") = "Edulinq", "Edulinq\Edulinq.csproj", "{DC9C855E-5021-48E1-B8EC-4C7ED7DDC54E}"
EndProject
Project("{FAE04EC0-301F-11D3-BF4B-00C04F79EFBC}") = "Edulinq.Tests", "Edulinq.Tests\Edulinq.Tests.csproj", "{1EA91221-058B-4823-9DE4-E4ED2680B997}"
EndProject
Project("{FAE04EC0-301F-11D3-BF4B-00C04F79EFBC}") = "Edulinq.TestSupport", "Edulinq.TestSupport\Edulinq.TestSupport.csproj", "{C552666B-5660-445A-AA21-CF807D03C83E}"
EndProject
Project("{FAE04EC0-301F-11D3-BF4B-00C04F79EFBC}") = "MergeSortTest", "MergeSortTest\MergeSortTest.csproj", "{CE0C1AE8-70B3-4194-810A-0634FF9F5698}"
EndProject
Global
	GlobalSection(SolutionConfigurationPlatforms) = preSolution
		Debug|Any CPU = Debug|Any CPU
		Debug|x64 = Debug|x64
		Edulinq implementation|Any CPU = Edulinq implementation|Any CPU
		Edulinq implementation|x64 = Edulinq implementation|x64
		Normal LINQ|Any CPU = Normal LINQ|Any CPU
		Normal LINQ|x64 = Normal LINQ|x64
		Release|Any CPU = Release|Any CPU
		Release|x64 = Release|x64
	EndGlobalSection
	GlobalSection(ProjectConfigurationPlatforms) = postSolution
		{DC9C855E-5021-48E1-B8EC-4C7ED7DDC54E}.Debug|Any CPU.ActiveCfg = Edulinq implementation|Any CPU
		{DC9C855E-5021-48E1-B8EC-4C7ED7DDC54E}.Debug|Any CPU.Build.0 = Edulinq implementation|Any CPU
		{DC9C855E-5021-48E1-B8EC-4C7ED7DDC54E}.Debug|x64.ActiveCfg = Edulinq implementation|Any CPU
		{DC9C855E-5021-48E1-B8EC-4C7ED7DDC54E}.Edulinq implementation|Any CPU.ActiveCfg = Edulinq implementation|Any CPU
		{DC9C855E-5021-48E1-B8EC-4C7ED7DDC54E}.Edulinq implementation|Any CPU.Build.0 = Edulinq implementation|Any CPU
		{DC9C855E-5021-48E1-B8EC-4C7ED7DDC54E}.Edulinq implementation|x64.ActiveCfg = Edulinq implementation|Any CPU
		{DC9C855E-5021-48E1-B8EC-4C7ED7DDC54E}.Normal LINQ|Any CPU.ActiveCfg = Normal LINQ|Any CPU
		{DC9C855E-5021-48E1-B8EC-4C7ED7DDC54E}.Normal LINQ|Any CPU.Build.0 = Normal LINQ|Any CPU
		{DC9C855E-5021-48E1-B8EC-4C7ED7DDC54E}.Normal LINQ|x64.ActiveCfg = Normal LINQ|Any CPU
		{DC9C855E-5021-48E1-B8EC-4C7ED7DDC54E}.Release|Any CPU.ActiveCfg = Edulinq implementation|Any CPU
		{DC9C855E-5021-48E1-B8EC-4C7ED7DDC54E}.Release|Any CPU.Build.0 = Edulinq implementation|Any CPU
		{DC9C855E-5021-48E1-B8EC-4C7ED7DDC54E}.Release|x64.ActiveCfg = Edulinq implementation|Any CPU
		{1EA91221-058B-4823-9DE4-E4ED2680B997}.Debug|Any CPU.ActiveCfg = Edulinq implementation|x64
		{1EA91221-058B-4823-9DE4-E4ED2680B997}.Debug|x64.ActiveCfg = Edulinq implementation|x64
		{1EA91221-058B-4823-9DE4-E4ED2680B997}.Debug|x64.Build.0 = Edulinq implementation|x64
		{1EA91221-058B-4823-9DE4-E4ED2680B997}.Edulinq implementation|Any CPU.ActiveCfg = Edulinq implementation|Any CPU
		{1EA91221-058B-4823-9DE4-E4ED2680B997}.Edulinq implementation|Any CPU.Build.0 = Edulinq implementation|Any CPU
		{1EA91221-058B-4823-9DE4-E4ED2680B997}.Edulinq implementation|x64.ActiveCfg = Edulinq implementation|x64
		{1EA91221-058B-4823-9DE4-E4ED2680B997}.Normal LINQ|Any CPU.ActiveCfg = Normal LINQ|Any CPU
		{1EA91221-058B-4823-9DE4-E4ED2680B997}.Normal LINQ|Any CPU.Build.0 = Normal LINQ|Any CPU
		{1EA91221-058B-4823-9DE4-E4ED2680B997}.Normal LINQ|x64.ActiveCfg = Normal LINQ|x64
		{1EA91221-058B-4823-9DE4-E4ED2680B997}.Release|Any CPU.ActiveCfg = Edulinq implementation|x64
		{1EA91221-058B-4823-9DE4-E4ED2680B997}.Release|x64.ActiveCfg = Edulinq implementation|x64
		{1EA91221-058B-4823-9DE4-E4ED2680B997}.Release|x64.Build.0 = Edulinq implementation|x64
		{C552666B-5660-445A-AA21-CF807D03C83E}.Debug|Any CPU.ActiveCfg = Edulinq implementation|Any CPU
		{C552666B-5660-445A-AA21-CF807D03C83E}.Debug|Any CPU.Build.0 = Edulinq implementation|Any CPU
		{C552666B-5660-445A-AA21-CF807D03C83E}.Debug|x64.ActiveCfg = Edulinq implementation|Any CPU
		{C552666B-5660-445A-AA21-CF807D03C83E}.Edulinq implementation|Any CPU.ActiveCfg = Edulinq implementation|Any CPU
		{C552666B-5660-445A-AA21-CF807D03C83E}.Edulinq implementation|Any CPU.Build.0 = Edulinq implementation|Any CPU
		{C552666B-5660-445A-AA21-CF807D03C83E}.Edulinq implementation|x64.ActiveCfg = Edulinq implementation|Any CPU
		{C552666B-5660-445A-AA21-CF807D03C83E}.Normal LINQ|Any CPU.ActiveCfg = Normal LINQ|Any CPU
		{C552666B-5660-445A-AA21-CF807D03C83E}.Normal LINQ|Any CPU.Build.0 = Normal LINQ|Any CPU
		{C552666B-5660-445A-AA21-CF807D03C83E}.Normal LINQ|x64.ActiveCfg = Normal LINQ|Any CPU
		{C552666B-5660-445A-AA21-CF807D03C83E}.Release|Any CPU.ActiveCfg = Edulinq implementation|Any CPU
		{C552666B-5660-445A-AA21-CF807D03C83E}.Release|Any CPU.Build.0 = Edulinq implementation|Any CPU
		{C552666B-5660-445A-AA21-CF807D03C83E}.Release|x64.ActiveCfg = Edulinq implementation|Any CPU
		{CE0C1AE8-70B3-4194-810A-0634FF9F5698}.Debug|Any CPU.ActiveCfg = Debug|Any CPU
		{CE0C1AE8-70B3-4194-810A-0634FF9F5698}.Debug|Any CPU.Build.0 = Debug|Any CPU
		{CE0C1AE8-70B3-4194-810A-0634FF9F5698}.Debug|x64.ActiveCfg = Debug|Any CPU
		{CE0C1AE8-70B3-4194-810A-0634FF9F5698}.Edulinq implementation|Any CPU.ActiveCfg = Release|Any CPU
		{CE0C1AE8-70B3-4194-810A-0634FF9F5698}.Edulinq implementation|Any CPU.Build.0 = Release|Any CPU
		{CE0C1AE8-70B3-4194-810A-0634FF9F5698}.Edulinq implementation|x64.ActiveCfg = Release|Any CPU
		{CE0C1AE8-70B3-4194-810A-0634FF9F5698}.Normal LINQ|Any CPU.ActiveCfg = Release|Any CPU
		{CE0C1AE8-70B3-4194-810A-0634FF9F5698}.Normal LINQ|Any CPU.Build.0 = Release|Any CPU
		{CE0C1AE8-70B3-4194-810A-0634FF9F5698}.Normal LINQ|x64.ActiveCfg = Release|Any CPU
		{CE0C1AE8-70B3-4194-810A-0634FF9F5698}.Release|Any CPU.ActiveCfg = Release|Any CPU
		{CE0C1AE8-70B3-4194-810A-0634FF9F5698}.Release|Any CPU.Build.0 = Release|Any CPU
		{CE0C1AE8-70B3-4194-810A-0634FF9F5698}.Release|x64.ActiveCfg = Release|Any CPU
	EndGlobalSection
	GlobalSection(SolutionProperties) = preSolution
		HideSolutionNode = FALSE
	EndGlobalSection
EndGlobal
